<?xml version="1.0" encoding="utf-8"?>
<Project ToolsVersion="4.0" xmlns="http://schemas.microsoft.com/developer/msbuild/2003">
  <ItemGroup>
    <Filter Include="Header Files">
      <UniqueIdentifier>{93995380-89BD-4b04-88EB-625FBE52EBFB}</UniqueIdentifier>
      <Extensions>h;hh;hpp;hxx;h++;hm;inl;inc;ipp;xsd</Extensions>
    </Filter>
    <Filter Include="Source Files">
      <UniqueIdentifier>{4FC737F1-C7A5-4376-A066-2A32D752A2FF}</UniqueIdentifier>
      <Extensions>cpp;c;cc;cxx;c++;cppm;ixx;def;odl;idl;hpj;bat;asm;asmx</Extensions>
    </Filter>
    <Filter Include="Resource Files">
      <UniqueIdentifier>{67DA6AB6-F800-4c08-8B7A-83BB121AAD01}</UniqueIdentifier>
      <Extensions>rc;ico;cur;bmp;dlg;rc2;rct;bin;rgs;gif;jpg;jpeg;jpe;resx;tiff;tif;png;wav;mfcribbon-ms</Extensions>
    </Filter>
    <Filter Include="Resource Files\BootRecords">
      <UniqueIdentifier>{536423fc-d37d-4790-b0f8-e721f886c2c0}</UniqueIdentifier>
    </Filter>
  </ItemGroup>
  <ItemGroup>
    <ClInclude Include="pch.h">
      <Filter>Header Files</Filter>
    </ClInclude>
    <ClInclude Include="misc.h">
      <Filter>Header Files</Filter>
    </ClInclude>
    <ClInclude Include="UUPAssistant.h">
      <Filter>Header Files</Filter>
    </ClInclude>
    <ClInclude Include="DiskPartTable.h">
      <Filter>Header Files</Filter>
    </ClInclude>
    <ClInclude Include="Resources\resource.h">
      <Filter>Header Files</Filter>
    </ClInclude>
    <ClInclude Include="BCD.h">
      <Filter>Header Files</Filter>
    </ClInclude>
    <ClInclude Include="Xml.h">
      <Filter>Header Files</Filter>
    </ClInclude>
  </ItemGroup>
  <ItemGroup>
    <ClCompile Include="pch.cpp">
      <Filter>Source Files</Filter>
    </ClCompile>
    <ClCompile Include="Bootstrap.cpp">
      <Filter>Source Files</Filter>
    </ClCompile>
    <ClCompile Include="misc.cpp">
      <Filter>Source Files</Filter>
    </ClCompile>
    <ClCompile Include="Preprocess.cpp">
      <Filter>Source Files</Filter>
    </ClCompile>
    <ClCompile Include="InstallThread.cpp">
      <Filter>Source Files</Filter>
    </ClCompile>
    <ClCompile Include="DriverDlg.cpp">
      <Filter>Source Files</Filter>
    </ClCompile>
    <ClCompile Include="InstallationProgress.cpp">
      <Filter>Source Files</Filter>
    </ClCompile>
    <ClCompile Include="InstallationWizard.cpp">
      <Filter>Source Files</Filter>
    </ClCompile>
    <ClCompile Include="BCD.cpp">
      <Filter>Source Files</Filter>
    </ClCompile>
    <ClCompile Include="DiskPart.cpp">
      <Filter>Source Files</Filter>
    </ClCompile>
    <ClCompile Include="DiskPartUtils.cpp">
      <Filter>Source Files</Filter>
    </ClCompile>
    <ClCompile Include="AppPreparation.cpp">
      <Filter>Source Files</Filter>
    </ClCompile>
    <ClCompile Include="AppDlg.cpp">
      <Filter>Source Files</Filter>
    </ClCompile>
    <ClCompile Include="UpdateDlg.cpp">
      <Filter>Source Files</Filter>
    </ClCompile>
    <ClCompile Include="InplaceSetupWizard.cpp">
      <Filter>Source Files</Filter>
    </ClCompile>
    <ClCompile Include="InplaceSetup.cpp">
      <Filter>Source Files</Filter>
    </ClCompile>
    <ClCompile Include="DriverUtils.cpp">
      <Filter>Source Files</Filter>
    </ClCompile>
    <ClCompile Include="EdgeInstallation.cpp">
      <Filter>Source Files</Filter>
    </ClCompile>
    <ClCompile Include="Cabinet.cpp">
      <Filter>Source Files</Filter>
    </ClCompile>
    <ClCompile Include="PSF.cpp">
      <Filter>Source Files</Filter>
    </ClCompile>
    <ClCompile Include="CreateImageWizard.cpp">
      <Filter>Source Files</Filter>
    </ClCompile>
    <ClCompile Include="CreateImage.cpp">
      <Filter>Source Files</Filter>
    </ClCompile>
    <ClCompile Include="CreateISO.cpp">
      <Filter>Source Files</Filter>
    </ClCompile>
    <ClCompile Include="Installation.cpp">
      <Filter>Source Files</Filter>
    </ClCompile>
    <ClCompile Include="PrintXml.cpp">
      <Filter>Source Files</Filter>
    </ClCompile>
    <ClCompile Include="OOBE.cpp">
      <Filter>Source Files</Filter>
    </ClCompile>
    <ClCompile Include="ProgressRing.cpp">
      <Filter>Source Files</Filter>
    </ClCompile>
    <ClCompile Include="DirDelete.cpp">
      <Filter>Source Files</Filter>
    </ClCompile>
    <ClCompile Include="Constants.ixx">
      <Filter>Source Files</Filter>
    </ClCompile>
    <ClCompile Include="..\common\CheckMiniNt.ixx">
      <Filter>Source Files</Filter>
    </ClCompile>
  </ItemGroup>
  <ItemGroup>
    <ResourceCompile Include="Resources\UUPAssistant.rc">
      <Filter>Resource Files</Filter>
    </ResourceCompile>
  </ItemGroup>
  <ItemGroup>
    <None Include="Resources\BootRecords\mbrbootloader.com">
      <Filter>Resource Files\BootRecords</Filter>
    </None>
    <None Include="Resources\BootRecords\ntfsbootmgrldr.pbr">
      <Filter>Resource Files\BootRecords</Filter>
    </None>
    <None Include="Resources\BootRecords\exfatbootmgrldr.pbr">
      <Filter>Resource Files\BootRecords</Filter>
    </None>
    <None Include="Resources\BootRecords\fat32bootmgrldr.com">
      <Filter>Resource Files\BootRecords</Filter>
    </None>
    <None Include="Resources\BootRecords\fatbootmgrldr.com">
      <Filter>Resource Files\BootRecords</Filter>
    </None>
    <None Include="Resources\EmptyESD.esd">
      <Filter>Resource Files</Filter>
    </None>
    <None Include="packages.config" />
    <None Include="..\..\bin\ARM64\Release\DllFdHook.dll">
      <Filter>Resource Files</Filter>
    </None>
    <None Include="..\..\bin\x64\Release\DllFdHook.dll">
      <Filter>Resource Files</Filter>
    </None>
    <None Include="..\..\bin\x64\Release\FakeAutoRun.dll">
      <Filter>Resource Files</Filter>
    </None>
    <None Include="..\..\bin\ARM64\Release\FakeAutoRun.dll">
      <Filter>Resource Files</Filter>
    </None>
    <None Include="..\..\bin\FakeSetupHost.exe">
      <Filter>Resource Files</Filter>
    </None>
    <None Include="..\..\bin\FakeWimgAPI.dll">
      <Filter>Resource Files</Filter>
    </None>
    <None Include="..\..\bin\Oscdimg.cab">
      <Filter>Resource Files</Filter>
    </None>
    <None Include="..\bin\FakeSetupHost.exe" />
    <None Include="..\bin\FakeWimgAPI.dll" />
    <None Include="..\bin\Oscdimg.cab" />
    <None Include="..\bin\x64\Release\DllFdHook.dll" />
    <None Include="..\bin\ARM64\Release\DllFdHook.dll" />
    <None Include="..\bin\x64\Release\FakeAutoRun.dll" />
    <None Include="..\bin\ARM64\Release\FakeAutoRun.dll" />
  </ItemGroup>
  <ItemGroup>
    <Manifest Include="compatibility.manifest" />
  </ItemGroup>
  <ItemGroup>
    <Natvis Include="$(MSBuildThisFileDirectory)..\..\natvis\wil.natvis" />
    <Natvis Include="$(MSBuildThisFileDirectory)..\..\natvis\wil.natstepfilter" />
  </ItemGroup>
</Project>